# This file is automatically @generated by Poetry 2.3.4 and should not be changed by hand.

[[package]]
name = "faker"
version = "40.15.0"
description = "Faker is a Python package that generates fake data for you."
optional = false
python-versions = ">=3.10"
groups = ["main"]
files = [
    {file = "faker-40.15.0-py3-none-any.whl", hash = "sha256:71ab3c3370da9d2205ab74ffb0fd51273063ad562b3a3bb69d0026a20923e318"},
    {file = "faker-40.15.0.tar.gz", hash = "sha256:20f3a6ec8c266b74d4c554e34118b21c3c2056c0b4a519d15c8decb3a4e6e795"},
]

[package.dependencies]
tzdata = {version = "*", markers = "platform_system == \"Windows\""}

[package.extras]
tzdata = ["tzdata"]

[[package]]
name = "tzdata"
version = "2026.1"
description = "Provider of IANA time zone data"
optional = false
python-versions = ">=2"
groups = ["main"]
markers = "platform_system == \"Windows\""
files = [
    {file = "tzdata-2026.1-py2.py3-none-any.whl", hash = "sha256:4b1d2be7ac37ceafd7327b961aa3a54e467efbdb563a23655fbfe0d39cfc42a9"},
    {file = "tzdata-2026.1.tar.gz", hash = "sha256:67658a1903c75917309e753fdc349ac0efd8c27db7a0cb406a25be4840f87f98"},
]

[metadata]
lock-version = "2.1"
python-versions = ">=3.11, <4.0"
content-hash = "3350a836baafcf5e7c8f7f8eefe8960887895896aad1dcf8a0304e79447a7f16"
